
Microsoft Visual Studio Solution File, Format Version 12.00
# Visual Studio Version 17
VisualStudioVersion = 17.0.31903.59
MinimumVisualStudioVersion = 10.0.40219.1
Project("{2150E333-8FDC-42A3-9474-1A3956D46DE8}") = "src", "src", "{1CE51378-F746-43D8-8B7A-568958556D9A}"
EndProject
Project("{FAE04EC0-301F-11D3-BF4B-00C04F79EFBC}") = "Mantis.Console", "examples\Mantis.Console\Mantis.Console.csproj", "{F7B3D232-3C8F-49D2-8997-46D233183CD9}"
EndProject
Project("{2150E333-8FDC-42A3-9474-1A3956D46DE8}") = "examples", "examples", "{3B50B8D3-9093-4D92-9061-4CAA1562353B}"
EndProject
Project("{2150E333-8FDC-42A3-9474-1A3956D46DE8}") = "libraries", "libraries", "{EFAD5831-4226-4A71-B31E-B3FF99DE44EE}"
EndProject
Project("{2150E333-8FDC-42A3-9474-1A3956D46DE8}") = "MonoGame", "MonoGame", "{A9779A36-6ACE-4979-9064-123BEE2DD427}"
EndProject
Project("{9A19103F-16F7-4668-BE54-9A1E7A4F7556}") = "MonoGame.Framework.DesktopGL", "libraries\MonoGame\MonoGame.Framework\MonoGame.Framework.DesktopGL.csproj", "{98FBE30C-1B9D-4C00-86BF-8AE29A42A1F0}"
EndProject
Project("{2150E333-8FDC-42A3-9474-1A3956D46DE8}") = "tests", "tests", "{5BAC9D30-1917-4184-9C86-C0C4FB53F233}"
EndProject
Project("{2150E333-8FDC-42A3-9474-1A3956D46DE8}") = "common", "common", "{DB7D3EF4-656E-4784-8062-F44676C5C162}"
EndProject
Project("{2150E333-8FDC-42A3-9474-1A3956D46DE8}") = "engine", "engine", "{D913D2C6-1046-4952-8DE8-FCE3A8A6FF02}"
EndProject
Project("{FAE04EC0-301F-11D3-BF4B-00C04F79EFBC}") = "Mantis.Tests.Common", "tests\common\Mantis.Tests.Common\Mantis.Tests.Common.csproj", "{E547A1C9-F324-4FBC-A05A-A5022C4F6B66}"
EndProject
Project("{FAE04EC0-301F-11D3-BF4B-00C04F79EFBC}") = "Mantis.Engine.Common", "src\engine\Mantis.Engine.Common\Mantis.Engine.Common.csproj", "{C27C46AE-D137-4066-9238-6D13481F6090}"
EndProject
Project("{FAE04EC0-301F-11D3-BF4B-00C04F79EFBC}") = "Mantis.Engine", "src\engine\Mantis.Engine\Mantis.Engine.csproj", "{2035B611-AABD-4930-9C90-30386610E9A5}"
EndProject
Project("{2150E333-8FDC-42A3-9474-1A3956D46DE8}") = "engine", "engine", "{BF9DA981-2204-405E-9974-E579A3A3D601}"
EndProject
Project("{FAE04EC0-301F-11D3-BF4B-00C04F79EFBC}") = "Mantis.Tests.Engine", "tests\engine\Mantis.Tests.Engine\Mantis.Tests.Engine.csproj", "{7264E333-E766-424E-AD4C-CA62383E2C0F}"
EndProject
Project("{2150E333-8FDC-42A3-9474-1A3956D46DE8}") = "core", "core", "{271DF633-4254-4610-A4B7-D909F4501ADF}"
EndProject
Project("{FAE04EC0-301F-11D3-BF4B-00C04F79EFBC}") = "Mantis.Core.ECS", "src\core\Mantis.Core.ECS\Mantis.Core.ECS.csproj", "{78DC60A0-3200-4774-8B31-C1A22EF33DA2}"
EndProject
Project("{2150E333-8FDC-42A3-9474-1A3956D46DE8}") = "Svelto.ECS", "Svelto.ECS", "{FD0FBA97-574F-40C6-9C49-062CAAB441A8}"
EndProject
Project("{FAE04EC0-301F-11D3-BF4B-00C04F79EFBC}") = "Svelto.Common", "libraries\Svelto.ECS\com.sebaslab.svelto.common\Svelto.Common.csproj", "{9D3CFEFA-4529-4CE7-B0A4-5080B6FDF9AA}"
EndProject
Project("{FAE04EC0-301F-11D3-BF4B-00C04F79EFBC}") = "Svelto.ECS", "libraries\Svelto.ECS\com.sebaslab.svelto.ecs\Svelto.ECS.csproj", "{043D9469-AD66-4C6A-8C89-5C4E3369C813}"
EndProject
Project("{FAE04EC0-301F-11D3-BF4B-00C04F79EFBC}") = "Mantis.Core.ECS.Common", "src\core\Mantis.Core.ECS.Common\Mantis.Core.ECS.Common.csproj", "{6F9F7198-5200-4F56-AC5C-6C0C1B4DCB77}"
EndProject
Project("{FAE04EC0-301F-11D3-BF4B-00C04F79EFBC}") = "Mantis.Example.Breakout", "examples\Mantis.Example.Breakout\Mantis.Example.Breakout.csproj", "{CCFE9CF5-5710-4262-9131-3D053318612A}"
EndProject
Project("{FAE04EC0-301F-11D3-BF4B-00C04F79EFBC}") = "Mantis.Core.Common", "src\core\Mantis.Core.Common\Mantis.Core.Common.csproj", "{244B6E60-DED6-400C-9455-A858D269DF57}"
EndProject
Project("{FAE04EC0-301F-11D3-BF4B-00C04F79EFBC}") = "Mantis.Core", "src\core\Mantis.Core\Mantis.Core.csproj", "{443CF988-0BA7-49F9-AD82-953B7BCA4554}"
EndProject
Project("{2150E333-8FDC-42A3-9474-1A3956D46DE8}") = "core", "core", "{CBE292CA-427B-46D5-87FC-F2E59D93C61E}"
EndProject
Project("{FAE04EC0-301F-11D3-BF4B-00C04F79EFBC}") = "Mantis.Tests.Core", "tests\core\Mantis.Tests.Core\Mantis.Tests.Core.csproj", "{7729063A-2078-4212-A099-39B69C3D30CB}"
EndProject
Project("{FAE04EC0-301F-11D3-BF4B-00C04F79EFBC}") = "Mantis.Core.Logging.Common", "src\core\Mantis.Core.Logging.Common\Mantis.Core.Logging.Common.csproj", "{25CB0AEC-4B0F-40FB-BC91-AD7CEB59D0C4}"
EndProject
Project("{FAE04EC0-301F-11D3-BF4B-00C04F79EFBC}") = "Mantis.Core.Logging.Serilog", "src\core\Mantis.Core.Logging.Serilog\Mantis.Core.Logging.Serilog.csproj", "{5B728B97-14C6-47EE-AEAE-E32472938049}"
EndProject
Project("{FAE04EC0-301F-11D3-BF4B-00C04F79EFBC}") = "Mantis.Core.Logging", "src\core\Mantis.Core.Logging\Mantis.Core.Logging.csproj", "{36A2185C-F8BD-4AC3-8614-9E5F05724E1F}"
EndProject
Project("{FAE04EC0-301F-11D3-BF4B-00C04F79EFBC}") = "Mantis.Core.Serialization.Common", "src\core\Mantis.Core.Serialization.Common\Mantis.Core.Serialization.Common.csproj", "{2711FDA5-1D4A-4529-B855-9740C673E245}"
EndProject
Project("{FAE04EC0-301F-11D3-BF4B-00C04F79EFBC}") = "Mantis.Core.Serialization", "src\core\Mantis.Core.Serialization\Mantis.Core.Serialization.csproj", "{6C67FE91-9FBC-4317-B76F-7CAAC55959C5}"
EndProject
Global
	GlobalSection(SolutionConfigurationPlatforms) = preSolution
		Debug|Any CPU = Debug|Any CPU
		Release|Any CPU = Release|Any CPU
	EndGlobalSection
	GlobalSection(ProjectConfigurationPlatforms) = postSolution
		{F7B3D232-3C8F-49D2-8997-46D233183CD9}.Debug|Any CPU.ActiveCfg = Debug|Any CPU
		{F7B3D232-3C8F-49D2-8997-46D233183CD9}.Debug|Any CPU.Build.0 = Debug|Any CPU
		{F7B3D232-3C8F-49D2-8997-46D233183CD9}.Release|Any CPU.ActiveCfg = Release|Any CPU
		{F7B3D232-3C8F-49D2-8997-46D233183CD9}.Release|Any CPU.Build.0 = Release|Any CPU
		{98FBE30C-1B9D-4C00-86BF-8AE29A42A1F0}.Debug|Any CPU.ActiveCfg = Release|Any CPU
		{98FBE30C-1B9D-4C00-86BF-8AE29A42A1F0}.Debug|Any CPU.Build.0 = Release|Any CPU
		{98FBE30C-1B9D-4C00-86BF-8AE29A42A1F0}.Release|Any CPU.ActiveCfg = Release|Any CPU
		{98FBE30C-1B9D-4C00-86BF-8AE29A42A1F0}.Release|Any CPU.Build.0 = Release|Any CPU
		{E547A1C9-F324-4FBC-A05A-A5022C4F6B66}.Debug|Any CPU.ActiveCfg = Debug|Any CPU
		{E547A1C9-F324-4FBC-A05A-A5022C4F6B66}.Debug|Any CPU.Build.0 = Debug|Any CPU
		{E547A1C9-F324-4FBC-A05A-A5022C4F6B66}.Release|Any CPU.ActiveCfg = Release|Any CPU
		{E547A1C9-F324-4FBC-A05A-A5022C4F6B66}.Release|Any CPU.Build.0 = Release|Any CPU
		{C27C46AE-D137-4066-9238-6D13481F6090}.Debug|Any CPU.ActiveCfg = Debug|Any CPU
		{C27C46AE-D137-4066-9238-6D13481F6090}.Debug|Any CPU.Build.0 = Debug|Any CPU
		{C27C46AE-D137-4066-9238-6D13481F6090}.Release|Any CPU.ActiveCfg = Release|Any CPU
		{C27C46AE-D137-4066-9238-6D13481F6090}.Release|Any CPU.Build.0 = Release|Any CPU
		{2035B611-AABD-4930-9C90-30386610E9A5}.Debug|Any CPU.ActiveCfg = Debug|Any CPU
		{2035B611-AABD-4930-9C90-30386610E9A5}.Debug|Any CPU.Build.0 = Debug|Any CPU
		{2035B611-AABD-4930-9C90-30386610E9A5}.Release|Any CPU.ActiveCfg = Release|Any CPU
		{2035B611-AABD-4930-9C90-30386610E9A5}.Release|Any CPU.Build.0 = Release|Any CPU
		{7264E333-E766-424E-AD4C-CA62383E2C0F}.Debug|Any CPU.ActiveCfg = Debug|Any CPU
		{7264E333-E766-424E-AD4C-CA62383E2C0F}.Debug|Any CPU.Build.0 = Debug|Any CPU
		{7264E333-E766-424E-AD4C-CA62383E2C0F}.Release|Any CPU.ActiveCfg = Release|Any CPU
		{7264E333-E766-424E-AD4C-CA62383E2C0F}.Release|Any CPU.Build.0 = Release|Any CPU
		{78DC60A0-3200-4774-8B31-C1A22EF33DA2}.Debug|Any CPU.ActiveCfg = Debug|Any CPU
		{78DC60A0-3200-4774-8B31-C1A22EF33DA2}.Debug|Any CPU.Build.0 = Debug|Any CPU
		{78DC60A0-3200-4774-8B31-C1A22EF33DA2}.Release|Any CPU.ActiveCfg = Release|Any CPU
		{78DC60A0-3200-4774-8B31-C1A22EF33DA2}.Release|Any CPU.Build.0 = Release|Any CPU
		{9D3CFEFA-4529-4CE7-B0A4-5080B6FDF9AA}.Debug|Any CPU.ActiveCfg = Release|Any CPU
		{9D3CFEFA-4529-4CE7-B0A4-5080B6FDF9AA}.Debug|Any CPU.Build.0 = Release|Any CPU
		{9D3CFEFA-4529-4CE7-B0A4-5080B6FDF9AA}.Release|Any CPU.ActiveCfg = Release|Any CPU
		{9D3CFEFA-4529-4CE7-B0A4-5080B6FDF9AA}.Release|Any CPU.Build.0 = Release|Any CPU
		{043D9469-AD66-4C6A-8C89-5C4E3369C813}.Debug|Any CPU.ActiveCfg = Release|Any CPU
		{043D9469-AD66-4C6A-8C89-5C4E3369C813}.Debug|Any CPU.Build.0 = Release|Any CPU
		{043D9469-AD66-4C6A-8C89-5C4E3369C813}.Release|Any CPU.ActiveCfg = Release|Any CPU
		{043D9469-AD66-4C6A-8C89-5C4E3369C813}.Release|Any CPU.Build.0 = Release|Any CPU
		{6F9F7198-5200-4F56-AC5C-6C0C1B4DCB77}.Debug|Any CPU.ActiveCfg = Debug|Any CPU
		{6F9F7198-5200-4F56-AC5C-6C0C1B4DCB77}.Debug|Any CPU.Build.0 = Debug|Any CPU
		{6F9F7198-5200-4F56-AC5C-6C0C1B4DCB77}.Release|Any CPU.ActiveCfg = Release|Any CPU
		{6F9F7198-5200-4F56-AC5C-6C0C1B4DCB77}.Release|Any CPU.Build.0 = Release|Any CPU
		{CCFE9CF5-5710-4262-9131-3D053318612A}.Debug|Any CPU.ActiveCfg = Debug|Any CPU
		{CCFE9CF5-5710-4262-9131-3D053318612A}.Debug|Any CPU.Build.0 = Debug|Any CPU
		{CCFE9CF5-5710-4262-9131-3D053318612A}.Release|Any CPU.ActiveCfg = Release|Any CPU
		{CCFE9CF5-5710-4262-9131-3D053318612A}.Release|Any CPU.Build.0 = Release|Any CPU
		{244B6E60-DED6-400C-9455-A858D269DF57}.Debug|Any CPU.ActiveCfg = Debug|Any CPU
		{244B6E60-DED6-400C-9455-A858D269DF57}.Debug|Any CPU.Build.0 = Debug|Any CPU
		{244B6E60-DED6-400C-9455-A858D269DF57}.Release|Any CPU.ActiveCfg = Release|Any CPU
		{244B6E60-DED6-400C-9455-A858D269DF57}.Release|Any CPU.Build.0 = Release|Any CPU
		{443CF988-0BA7-49F9-AD82-953B7BCA4554}.Debug|Any CPU.ActiveCfg = Debug|Any CPU
		{443CF988-0BA7-49F9-AD82-953B7BCA4554}.Debug|Any CPU.Build.0 = Debug|Any CPU
		{443CF988-0BA7-49F9-AD82-953B7BCA4554}.Release|Any CPU.ActiveCfg = Release|Any CPU
		{443CF988-0BA7-49F9-AD82-953B7BCA4554}.Release|Any CPU.Build.0 = Release|Any CPU
		{7729063A-2078-4212-A099-39B69C3D30CB}.Debug|Any CPU.ActiveCfg = Debug|Any CPU
		{7729063A-2078-4212-A099-39B69C3D30CB}.Debug|Any CPU.Build.0 = Debug|Any CPU
		{7729063A-2078-4212-A099-39B69C3D30CB}.Release|Any CPU.ActiveCfg = Release|Any CPU
		{7729063A-2078-4212-A099-39B69C3D30CB}.Release|Any CPU.Build.0 = Release|Any CPU
		{25CB0AEC-4B0F-40FB-BC91-AD7CEB59D0C4}.Debug|Any CPU.ActiveCfg = Debug|Any CPU
		{25CB0AEC-4B0F-40FB-BC91-AD7CEB59D0C4}.Debug|Any CPU.Build.0 = Debug|Any CPU
		{25CB0AEC-4B0F-40FB-BC91-AD7CEB59D0C4}.Release|Any CPU.ActiveCfg = Release|Any CPU
		{25CB0AEC-4B0F-40FB-BC91-AD7CEB59D0C4}.Release|Any CPU.Build.0 = Release|Any CPU
		{5B728B97-14C6-47EE-AEAE-E32472938049}.Debug|Any CPU.ActiveCfg = Debug|Any CPU
		{5B728B97-14C6-47EE-AEAE-E32472938049}.Debug|Any CPU.Build.0 = Debug|Any CPU
		{5B728B97-14C6-47EE-AEAE-E32472938049}.Release|Any CPU.ActiveCfg = Release|Any CPU
		{5B728B97-14C6-47EE-AEAE-E32472938049}.Release|Any CPU.Build.0 = Release|Any CPU
		{36A2185C-F8BD-4AC3-8614-9E5F05724E1F}.Debug|Any CPU.ActiveCfg = Debug|Any CPU
		{36A2185C-F8BD-4AC3-8614-9E5F05724E1F}.Debug|Any CPU.Build.0 = Debug|Any CPU
		{36A2185C-F8BD-4AC3-8614-9E5F05724E1F}.Release|Any CPU.ActiveCfg = Release|Any CPU
		{36A2185C-F8BD-4AC3-8614-9E5F05724E1F}.Release|Any CPU.Build.0 = Release|Any CPU
		{2711FDA5-1D4A-4529-B855-9740C673E245}.Debug|Any CPU.ActiveCfg = Debug|Any CPU
		{2711FDA5-1D4A-4529-B855-9740C673E245}.Debug|Any CPU.Build.0 = Debug|Any CPU
		{2711FDA5-1D4A-4529-B855-9740C673E245}.Release|Any CPU.ActiveCfg = Release|Any CPU
		{2711FDA5-1D4A-4529-B855-9740C673E245}.Release|Any CPU.Build.0 = Release|Any CPU
		{6C67FE91-9FBC-4317-B76F-7CAAC55959C5}.Debug|Any CPU.ActiveCfg = Debug|Any CPU
		{6C67FE91-9FBC-4317-B76F-7CAAC55959C5}.Debug|Any CPU.Build.0 = Debug|Any CPU
		{6C67FE91-9FBC-4317-B76F-7CAAC55959C5}.Release|Any CPU.ActiveCfg = Release|Any CPU
		{6C67FE91-9FBC-4317-B76F-7CAAC55959C5}.Release|Any CPU.Build.0 = Release|Any CPU
	EndGlobalSection
	GlobalSection(SolutionProperties) = preSolution
		HideSolutionNode = FALSE
	EndGlobalSection
	GlobalSection(NestedProjects) = preSolution
		{F7B3D232-3C8F-49D2-8997-46D233183CD9} = {3B50B8D3-9093-4D92-9061-4CAA1562353B}
		{A9779A36-6ACE-4979-9064-123BEE2DD427} = {EFAD5831-4226-4A71-B31E-B3FF99DE44EE}
		{98FBE30C-1B9D-4C00-86BF-8AE29A42A1F0} = {A9779A36-6ACE-4979-9064-123BEE2DD427}
		{DB7D3EF4-656E-4784-8062-F44676C5C162} = {5BAC9D30-1917-4184-9C86-C0C4FB53F233}
		{D913D2C6-1046-4952-8DE8-FCE3A8A6FF02} = {1CE51378-F746-43D8-8B7A-568958556D9A}
		{E547A1C9-F324-4FBC-A05A-A5022C4F6B66} = {DB7D3EF4-656E-4784-8062-F44676C5C162}
		{C27C46AE-D137-4066-9238-6D13481F6090} = {D913D2C6-1046-4952-8DE8-FCE3A8A6FF02}
		{2035B611-AABD-4930-9C90-30386610E9A5} = {D913D2C6-1046-4952-8DE8-FCE3A8A6FF02}
		{BF9DA981-2204-405E-9974-E579A3A3D601} = {5BAC9D30-1917-4184-9C86-C0C4FB53F233}
		{7264E333-E766-424E-AD4C-CA62383E2C0F} = {BF9DA981-2204-405E-9974-E579A3A3D601}
		{271DF633-4254-4610-A4B7-D909F4501ADF} = {1CE51378-F746-43D8-8B7A-568958556D9A}
		{78DC60A0-3200-4774-8B31-C1A22EF33DA2} = {271DF633-4254-4610-A4B7-D909F4501ADF}
		{FD0FBA97-574F-40C6-9C49-062CAAB441A8} = {EFAD5831-4226-4A71-B31E-B3FF99DE44EE}
		{9D3CFEFA-4529-4CE7-B0A4-5080B6FDF9AA} = {FD0FBA97-574F-40C6-9C49-062CAAB441A8}
		{043D9469-AD66-4C6A-8C89-5C4E3369C813} = {FD0FBA97-574F-40C6-9C49-062CAAB441A8}
		{6F9F7198-5200-4F56-AC5C-6C0C1B4DCB77} = {271DF633-4254-4610-A4B7-D909F4501ADF}
		{CCFE9CF5-5710-4262-9131-3D053318612A} = {3B50B8D3-9093-4D92-9061-4CAA1562353B}
		{244B6E60-DED6-400C-9455-A858D269DF57} = {271DF633-4254-4610-A4B7-D909F4501ADF}
		{443CF988-0BA7-49F9-AD82-953B7BCA4554} = {271DF633-4254-4610-A4B7-D909F4501ADF}
		{CBE292CA-427B-46D5-87FC-F2E59D93C61E} = {5BAC9D30-1917-4184-9C86-C0C4FB53F233}
		{7729063A-2078-4212-A099-39B69C3D30CB} = {CBE292CA-427B-46D5-87FC-F2E59D93C61E}
		{25CB0AEC-4B0F-40FB-BC91-AD7CEB59D0C4} = {271DF633-4254-4610-A4B7-D909F4501ADF}
		{5B728B97-14C6-47EE-AEAE-E32472938049} = {271DF633-4254-4610-A4B7-D909F4501ADF}
		{36A2185C-F8BD-4AC3-8614-9E5F05724E1F} = {271DF633-4254-4610-A4B7-D909F4501ADF}
		{2711FDA5-1D4A-4529-B855-9740C673E245} = {271DF633-4254-4610-A4B7-D909F4501ADF}
		{6C67FE91-9FBC-4317-B76F-7CAAC55959C5} = {271DF633-4254-4610-A4B7-D909F4501ADF}
	EndGlobalSection
	GlobalSection(ExtensibilityGlobals) = postSolution
		SolutionGuid = {7F4F9176-64F3-43D9-912D-00699AA19BD1}
	EndGlobalSection
EndGlobal
