
Microsoft Visual Studio Solution File, Format Version 12.00
# Visual Studio Version 17
VisualStudioVersion = 17.0.31903.59
MinimumVisualStudioVersion = 10.0.40219.1
Project("{2150E333-8FDC-42A3-9474-1A3956D46DE8}") = "src", "src", "{1CE51378-F746-43D8-8B7A-568958556D9A}"
EndProject
Project("{FAE04EC0-301F-11D3-BF4B-00C04F79EFBC}") = "Mantis.Console", "examples\Mantis.Console\Mantis.Console.csproj", "{F7B3D232-3C8F-49D2-8997-46D233183CD9}"
EndProject
Project("{2150E333-8FDC-42A3-9474-1A3956D46DE8}") = "examples", "examples", "{3B50B8D3-9093-4D92-9061-4CAA1562353B}"
EndProject
Project("{2150E333-8FDC-42A3-9474-1A3956D46DE8}") = "libraries", "libraries", "{EFAD5831-4226-4A71-B31E-B3FF99DE44EE}"
EndProject
Project("{2150E333-8FDC-42A3-9474-1A3956D46DE8}") = "MonoGame", "MonoGame", "{A9779A36-6ACE-4979-9064-123BEE2DD427}"
EndProject
Project("{9A19103F-16F7-4668-BE54-9A1E7A4F7556}") = "MonoGame.Framework.DesktopGL", "libraries\MonoGame\MonoGame.Framework\MonoGame.Framework.DesktopGL.csproj", "{98FBE30C-1B9D-4C00-86BF-8AE29A42A1F0}"
EndProject
Project("{2150E333-8FDC-42A3-9474-1A3956D46DE8}") = "tests", "tests", "{5BAC9D30-1917-4184-9C86-C0C4FB53F233}"
EndProject
Project("{2150E333-8FDC-42A3-9474-1A3956D46DE8}") = "common", "common", "{DB7D3EF4-656E-4784-8062-F44676C5C162}"
EndProject
Project("{2150E333-8FDC-42A3-9474-1A3956D46DE8}") = "engine", "engine", "{D913D2C6-1046-4952-8DE8-FCE3A8A6FF02}"
EndProject
Project("{FAE04EC0-301F-11D3-BF4B-00C04F79EFBC}") = "Mantis.Tests.Common", "tests\common\Mantis.Tests.Common\Mantis.Tests.Common.csproj", "{E547A1C9-F324-4FBC-A05A-A5022C4F6B66}"
EndProject
Project("{FAE04EC0-301F-11D3-BF4B-00C04F79EFBC}") = "Mantis.Engine.Common", "src\engine\Mantis.Engine.Common\Mantis.Engine.Common.csproj", "{C27C46AE-D137-4066-9238-6D13481F6090}"
EndProject
Project("{FAE04EC0-301F-11D3-BF4B-00C04F79EFBC}") = "Mantis.Engine", "src\engine\Mantis.Engine\Mantis.Engine.csproj", "{2035B611-AABD-4930-9C90-30386610E9A5}"
EndProject
Project("{2150E333-8FDC-42A3-9474-1A3956D46DE8}") = "core", "core", "{271DF633-4254-4610-A4B7-D909F4501ADF}"
EndProject
Project("{FAE04EC0-301F-11D3-BF4B-00C04F79EFBC}") = "Mantis.Core.ECS", "src\core\Mantis.Core.ECS\Mantis.Core.ECS.csproj", "{78DC60A0-3200-4774-8B31-C1A22EF33DA2}"
EndProject
Project("{2150E333-8FDC-42A3-9474-1A3956D46DE8}") = "Svelto.ECS", "Svelto.ECS", "{FD0FBA97-574F-40C6-9C49-062CAAB441A8}"
EndProject
Project("{FAE04EC0-301F-11D3-BF4B-00C04F79EFBC}") = "Svelto.Common", "libraries\Svelto.ECS\com.sebaslab.svelto.common\Svelto.Common.csproj", "{9D3CFEFA-4529-4CE7-B0A4-5080B6FDF9AA}"
EndProject
Project("{FAE04EC0-301F-11D3-BF4B-00C04F79EFBC}") = "Svelto.ECS", "libraries\Svelto.ECS\com.sebaslab.svelto.ecs\Svelto.ECS.csproj", "{043D9469-AD66-4C6A-8C89-5C4E3369C813}"
EndProject
Project("{FAE04EC0-301F-11D3-BF4B-00C04F79EFBC}") = "Mantis.Core.ECS.Common", "src\core\Mantis.Core.ECS.Common\Mantis.Core.ECS.Common.csproj", "{6F9F7198-5200-4F56-AC5C-6C0C1B4DCB77}"
EndProject
Project("{FAE04EC0-301F-11D3-BF4B-00C04F79EFBC}") = "Mantis.Example.Breakout", "examples\Mantis.Example.Breakout\Mantis.Example.Breakout.csproj", "{CCFE9CF5-5710-4262-9131-3D053318612A}"
EndProject
Project("{FAE04EC0-301F-11D3-BF4B-00C04F79EFBC}") = "Mantis.Core.Common", "src\core\Mantis.Core.Common\Mantis.Core.Common.csproj", "{244B6E60-DED6-400C-9455-A858D269DF57}"
EndProject
Project("{FAE04EC0-301F-11D3-BF4B-00C04F79EFBC}") = "Mantis.Core", "src\core\Mantis.Core\Mantis.Core.csproj", "{443CF988-0BA7-49F9-AD82-953B7BCA4554}"
EndProject
Project("{2150E333-8FDC-42A3-9474-1A3956D46DE8}") = "core", "core", "{CBE292CA-427B-46D5-87FC-F2E59D93C61E}"
EndProject
Project("{FAE04EC0-301F-11D3-BF4B-00C04F79EFBC}") = "Mantis.Tests.Core", "tests\core\Mantis.Tests.Core\Mantis.Tests.Core.csproj", "{7729063A-2078-4212-A099-39B69C3D30CB}"
EndProject
Project("{FAE04EC0-301F-11D3-BF4B-00C04F79EFBC}") = "Mantis.Core.Logging.Common", "src\core\Mantis.Core.Logging.Common\Mantis.Core.Logging.Common.csproj", "{25CB0AEC-4B0F-40FB-BC91-AD7CEB59D0C4}"
EndProject
Project("{FAE04EC0-301F-11D3-BF4B-00C04F79EFBC}") = "Mantis.Core.Logging.Serilog", "src\core\Mantis.Core.Logging.Serilog\Mantis.Core.Logging.Serilog.csproj", "{5B728B97-14C6-47EE-AEAE-E32472938049}"
EndProject
Project("{FAE04EC0-301F-11D3-BF4B-00C04F79EFBC}") = "Mantis.Core.Logging", "src\core\Mantis.Core.Logging\Mantis.Core.Logging.csproj", "{36A2185C-F8BD-4AC3-8614-9E5F05724E1F}"
EndProject
Project("{FAE04EC0-301F-11D3-BF4B-00C04F79EFBC}") = "Mantis.Tests.Common.Core", "tests\common\Mantis.Tests.Common.Core\Mantis.Tests.Common.Core.csproj", "{08CB3433-548E-489D-B7DE-289F38E4389D}"
EndProject
Project("{FAE04EC0-301F-11D3-BF4B-00C04F79EFBC}") = "Mantis.Example.LunarLander", "examples\Mantis.Example.LunarLander\Mantis.Example.LunarLander.csproj", "{250B9065-C8C7-48C5-A5CD-D3B80B60B6E8}"
EndProject
Project("{FAE04EC0-301F-11D3-BF4B-00C04F79EFBC}") = "Mantis.Core.MonoGame", "src\core\Mantis.Core.MonoGame\Mantis.Core.MonoGame.csproj", "{1C1F9BFB-B23A-4CE2-9DE0-41584F58B382}"
EndProject
Project("{FAE04EC0-301F-11D3-BF4B-00C04F79EFBC}") = "Mantis.Core.MonoGame.Common", "src\core\Mantis.Core.MonoGame.Common\Mantis.Core.MonoGame.Common.csproj", "{2D6663E0-D30E-477A-BF5B-065864361AE7}"
EndProject
Project("{2150E333-8FDC-42A3-9474-1A3956D46DE8}") = "analyzers", "analyzers", "{E246D7A3-7B0F-497E-B1C7-17391B43F00B}"
EndProject
Project("{FAE04EC0-301F-11D3-BF4B-00C04F79EFBC}") = "Mantis.Analyzer.Core.Common", "analyzers\Mantis.Analyzer.Core.Common\Mantis.Analyzer.Core.Common.csproj", "{B5AFF6EA-C5FD-442A-BD06-4612AA94F342}"
EndProject
Project("{2150E333-8FDC-42A3-9474-1A3956D46DE8}") = "analyzers", "analyzers", "{19EB84C7-1432-4FD7-BF44-654895BD0AC9}"
EndProject
Project("{FAE04EC0-301F-11D3-BF4B-00C04F79EFBC}") = "Mantis.Tests.Analyzer.Core.Common", "tests\analyzers\Mantis.Tests.Analyzer.Core.Common\Mantis.Tests.Analyzer.Core.Common.csproj", "{3319A029-821E-490C-8CC0-B0CEF855C7B3}"
EndProject
Project("{FAE04EC0-301F-11D3-BF4B-00C04F79EFBC}") = "Mantis.Core.Serialization.Common", "src\core\Mantis.Core.Serialization.Common\Mantis.Core.Serialization.Common.csproj", "{EBCE36CD-CFD4-4714-2F4B-77529FE5910C}"
EndProject
Project("{FAE04EC0-301F-11D3-BF4B-00C04F79EFBC}") = "Mantis.Core.Serialization", "src\core\Mantis.Core.Serialization\Mantis.Core.Serialization.csproj", "{441331C2-5029-09AA-8198-59946F1FD389}"
EndProject
Project("{FAE04EC0-301F-11D3-BF4B-00C04F79EFBC}") = "Mantis.Core.Files.Common", "src\core\Mantis.Core.Files.Common\Mantis.Core.Files.Common.csproj", "{CF090970-965A-9DF8-045A-1E0747BF9710}"
EndProject
Project("{FAE04EC0-301F-11D3-BF4B-00C04F79EFBC}") = "Mantis.Core.Files", "src\core\Mantis.Core.Files\Mantis.Core.Files.csproj", "{FD4737AA-43F1-6282-EA42-B077E9AF9874}"
EndProject
Global
	GlobalSection(SolutionConfigurationPlatforms) = preSolution
		Debug|Any CPU = Debug|Any CPU
		Release|Any CPU = Release|Any CPU
	EndGlobalSection
	GlobalSection(ProjectConfigurationPlatforms) = postSolution
		{F7B3D232-3C8F-49D2-8997-46D233183CD9}.Debug|Any CPU.ActiveCfg = Debug|Any CPU
		{F7B3D232-3C8F-49D2-8997-46D233183CD9}.Debug|Any CPU.Build.0 = Debug|Any CPU
		{F7B3D232-3C8F-49D2-8997-46D233183CD9}.Release|Any CPU.ActiveCfg = Release|Any CPU
		{F7B3D232-3C8F-49D2-8997-46D233183CD9}.Release|Any CPU.Build.0 = Release|Any CPU
		{98FBE30C-1B9D-4C00-86BF-8AE29A42A1F0}.Debug|Any CPU.ActiveCfg = Release|Any CPU
		{98FBE30C-1B9D-4C00-86BF-8AE29A42A1F0}.Debug|Any CPU.Build.0 = Release|Any CPU
		{98FBE30C-1B9D-4C00-86BF-8AE29A42A1F0}.Release|Any CPU.ActiveCfg = Release|Any CPU
		{98FBE30C-1B9D-4C00-86BF-8AE29A42A1F0}.Release|Any CPU.Build.0 = Release|Any CPU
		{E547A1C9-F324-4FBC-A05A-A5022C4F6B66}.Debug|Any CPU.ActiveCfg = Debug|Any CPU
		{E547A1C9-F324-4FBC-A05A-A5022C4F6B66}.Debug|Any CPU.Build.0 = Debug|Any CPU
		{E547A1C9-F324-4FBC-A05A-A5022C4F6B66}.Release|Any CPU.ActiveCfg = Release|Any CPU
		{E547A1C9-F324-4FBC-A05A-A5022C4F6B66}.Release|Any CPU.Build.0 = Release|Any CPU
		{C27C46AE-D137-4066-9238-6D13481F6090}.Debug|Any CPU.ActiveCfg = Debug|Any CPU
		{C27C46AE-D137-4066-9238-6D13481F6090}.Debug|Any CPU.Build.0 = Debug|Any CPU
		{C27C46AE-D137-4066-9238-6D13481F6090}.Release|Any CPU.ActiveCfg = Release|Any CPU
		{C27C46AE-D137-4066-9238-6D13481F6090}.Release|Any CPU.Build.0 = Release|Any CPU
		{2035B611-AABD-4930-9C90-30386610E9A5}.Debug|Any CPU.ActiveCfg = Debug|Any CPU
		{2035B611-AABD-4930-9C90-30386610E9A5}.Debug|Any CPU.Build.0 = Debug|Any CPU
		{2035B611-AABD-4930-9C90-30386610E9A5}.Release|Any CPU.ActiveCfg = Release|Any CPU
		{2035B611-AABD-4930-9C90-30386610E9A5}.Release|Any CPU.Build.0 = Release|Any CPU
		{78DC60A0-3200-4774-8B31-C1A22EF33DA2}.Debug|Any CPU.ActiveCfg = Debug|Any CPU
		{78DC60A0-3200-4774-8B31-C1A22EF33DA2}.Debug|Any CPU.Build.0 = Debug|Any CPU
		{78DC60A0-3200-4774-8B31-C1A22EF33DA2}.Release|Any CPU.ActiveCfg = Release|Any CPU
		{78DC60A0-3200-4774-8B31-C1A22EF33DA2}.Release|Any CPU.Build.0 = Release|Any CPU
		{9D3CFEFA-4529-4CE7-B0A4-5080B6FDF9AA}.Debug|Any CPU.ActiveCfg = Release|Any CPU
		{9D3CFEFA-4529-4CE7-B0A4-5080B6FDF9AA}.Debug|Any CPU.Build.0 = Release|Any CPU
		{9D3CFEFA-4529-4CE7-B0A4-5080B6FDF9AA}.Release|Any CPU.ActiveCfg = Release|Any CPU
		{9D3CFEFA-4529-4CE7-B0A4-5080B6FDF9AA}.Release|Any CPU.Build.0 = Release|Any CPU
		{043D9469-AD66-4C6A-8C89-5C4E3369C813}.Debug|Any CPU.ActiveCfg = Release|Any CPU
		{043D9469-AD66-4C6A-8C89-5C4E3369C813}.Debug|Any CPU.Build.0 = Release|Any CPU
		{043D9469-AD66-4C6A-8C89-5C4E3369C813}.Release|Any CPU.ActiveCfg = Release|Any CPU
		{043D9469-AD66-4C6A-8C89-5C4E3369C813}.Release|Any CPU.Build.0 = Release|Any CPU
		{6F9F7198-5200-4F56-AC5C-6C0C1B4DCB77}.Debug|Any CPU.ActiveCfg = Debug|Any CPU
		{6F9F7198-5200-4F56-AC5C-6C0C1B4DCB77}.Debug|Any CPU.Build.0 = Debug|Any CPU
		{6F9F7198-5200-4F56-AC5C-6C0C1B4DCB77}.Release|Any CPU.ActiveCfg = Release|Any CPU
		{6F9F7198-5200-4F56-AC5C-6C0C1B4DCB77}.Release|Any CPU.Build.0 = Release|Any CPU
		{CCFE9CF5-5710-4262-9131-3D053318612A}.Debug|Any CPU.ActiveCfg = Debug|Any CPU
		{CCFE9CF5-5710-4262-9131-3D053318612A}.Debug|Any CPU.Build.0 = Debug|Any CPU
		{CCFE9CF5-5710-4262-9131-3D053318612A}.Release|Any CPU.ActiveCfg = Release|Any CPU
		{CCFE9CF5-5710-4262-9131-3D053318612A}.Release|Any CPU.Build.0 = Release|Any CPU
		{244B6E60-DED6-400C-9455-A858D269DF57}.Debug|Any CPU.ActiveCfg = Debug|Any CPU
		{244B6E60-DED6-400C-9455-A858D269DF57}.Debug|Any CPU.Build.0 = Debug|Any CPU
		{244B6E60-DED6-400C-9455-A858D269DF57}.Release|Any CPU.ActiveCfg = Release|Any CPU
		{244B6E60-DED6-400C-9455-A858D269DF57}.Release|Any CPU.Build.0 = Release|Any CPU
		{443CF988-0BA7-49F9-AD82-953B7BCA4554}.Debug|Any CPU.ActiveCfg = Debug|Any CPU
		{443CF988-0BA7-49F9-AD82-953B7BCA4554}.Debug|Any CPU.Build.0 = Debug|Any CPU
		{443CF988-0BA7-49F9-AD82-953B7BCA4554}.Release|Any CPU.ActiveCfg = Release|Any CPU
		{443CF988-0BA7-49F9-AD82-953B7BCA4554}.Release|Any CPU.Build.0 = Release|Any CPU
		{7729063A-2078-4212-A099-39B69C3D30CB}.Debug|Any CPU.ActiveCfg = Debug|Any CPU
		{7729063A-2078-4212-A099-39B69C3D30CB}.Debug|Any CPU.Build.0 = Debug|Any CPU
		{7729063A-2078-4212-A099-39B69C3D30CB}.Release|Any CPU.ActiveCfg = Release|Any CPU
		{7729063A-2078-4212-A099-39B69C3D30CB}.Release|Any CPU.Build.0 = Release|Any CPU
		{25CB0AEC-4B0F-40FB-BC91-AD7CEB59D0C4}.Debug|Any CPU.ActiveCfg = Debug|Any CPU
		{25CB0AEC-4B0F-40FB-BC91-AD7CEB59D0C4}.Debug|Any CPU.Build.0 = Debug|Any CPU
		{25CB0AEC-4B0F-40FB-BC91-AD7CEB59D0C4}.Release|Any CPU.ActiveCfg = Release|Any CPU
		{25CB0AEC-4B0F-40FB-BC91-AD7CEB59D0C4}.Release|Any CPU.Build.0 = Release|Any CPU
		{5B728B97-14C6-47EE-AEAE-E32472938049}.Debug|Any CPU.ActiveCfg = Debug|Any CPU
		{5B728B97-14C6-47EE-AEAE-E32472938049}.Debug|Any CPU.Build.0 = Debug|Any CPU
		{5B728B97-14C6-47EE-AEAE-E32472938049}.Release|Any CPU.ActiveCfg = Release|Any CPU
		{5B728B97-14C6-47EE-AEAE-E32472938049}.Release|Any CPU.Build.0 = Release|Any CPU
		{36A2185C-F8BD-4AC3-8614-9E5F05724E1F}.Debug|Any CPU.ActiveCfg = Debug|Any CPU
		{36A2185C-F8BD-4AC3-8614-9E5F05724E1F}.Debug|Any CPU.Build.0 = Debug|Any CPU
		{36A2185C-F8BD-4AC3-8614-9E5F05724E1F}.Release|Any CPU.ActiveCfg = Release|Any CPU
		{36A2185C-F8BD-4AC3-8614-9E5F05724E1F}.Release|Any CPU.Build.0 = Release|Any CPU
		{08CB3433-548E-489D-B7DE-289F38E4389D}.Debug|Any CPU.ActiveCfg = Debug|Any CPU
		{08CB3433-548E-489D-B7DE-289F38E4389D}.Debug|Any CPU.Build.0 = Debug|Any CPU
		{08CB3433-548E-489D-B7DE-289F38E4389D}.Release|Any CPU.ActiveCfg = Release|Any CPU
		{08CB3433-548E-489D-B7DE-289F38E4389D}.Release|Any CPU.Build.0 = Release|Any CPU
		{250B9065-C8C7-48C5-A5CD-D3B80B60B6E8}.Debug|Any CPU.ActiveCfg = Debug|Any CPU
		{250B9065-C8C7-48C5-A5CD-D3B80B60B6E8}.Debug|Any CPU.Build.0 = Debug|Any CPU
		{250B9065-C8C7-48C5-A5CD-D3B80B60B6E8}.Release|Any CPU.ActiveCfg = Release|Any CPU
		{250B9065-C8C7-48C5-A5CD-D3B80B60B6E8}.Release|Any CPU.Build.0 = Release|Any CPU
		{1C1F9BFB-B23A-4CE2-9DE0-41584F58B382}.Debug|Any CPU.ActiveCfg = Debug|Any CPU
		{1C1F9BFB-B23A-4CE2-9DE0-41584F58B382}.Debug|Any CPU.Build.0 = Debug|Any CPU
		{1C1F9BFB-B23A-4CE2-9DE0-41584F58B382}.Release|Any CPU.ActiveCfg = Release|Any CPU
		{1C1F9BFB-B23A-4CE2-9DE0-41584F58B382}.Release|Any CPU.Build.0 = Release|Any CPU
		{2D6663E0-D30E-477A-BF5B-065864361AE7}.Debug|Any CPU.ActiveCfg = Debug|Any CPU
		{2D6663E0-D30E-477A-BF5B-065864361AE7}.Debug|Any CPU.Build.0 = Debug|Any CPU
		{2D6663E0-D30E-477A-BF5B-065864361AE7}.Release|Any CPU.ActiveCfg = Release|Any CPU
		{2D6663E0-D30E-477A-BF5B-065864361AE7}.Release|Any CPU.Build.0 = Release|Any CPU
		{B5AFF6EA-C5FD-442A-BD06-4612AA94F342}.Debug|Any CPU.ActiveCfg = Debug|Any CPU
		{B5AFF6EA-C5FD-442A-BD06-4612AA94F342}.Debug|Any CPU.Build.0 = Debug|Any CPU
		{B5AFF6EA-C5FD-442A-BD06-4612AA94F342}.Release|Any CPU.ActiveCfg = Release|Any CPU
		{B5AFF6EA-C5FD-442A-BD06-4612AA94F342}.Release|Any CPU.Build.0 = Release|Any CPU
		{3319A029-821E-490C-8CC0-B0CEF855C7B3}.Debug|Any CPU.ActiveCfg = Debug|Any CPU
		{3319A029-821E-490C-8CC0-B0CEF855C7B3}.Debug|Any CPU.Build.0 = Debug|Any CPU
		{3319A029-821E-490C-8CC0-B0CEF855C7B3}.Release|Any CPU.ActiveCfg = Release|Any CPU
		{3319A029-821E-490C-8CC0-B0CEF855C7B3}.Release|Any CPU.Build.0 = Release|Any CPU
		{EBCE36CD-CFD4-4714-2F4B-77529FE5910C}.Debug|Any CPU.ActiveCfg = Debug|Any CPU
		{EBCE36CD-CFD4-4714-2F4B-77529FE5910C}.Debug|Any CPU.Build.0 = Debug|Any CPU
		{EBCE36CD-CFD4-4714-2F4B-77529FE5910C}.Release|Any CPU.ActiveCfg = Release|Any CPU
		{EBCE36CD-CFD4-4714-2F4B-77529FE5910C}.Release|Any CPU.Build.0 = Release|Any CPU
		{441331C2-5029-09AA-8198-59946F1FD389}.Debug|Any CPU.ActiveCfg = Debug|Any CPU
		{441331C2-5029-09AA-8198-59946F1FD389}.Debug|Any CPU.Build.0 = Debug|Any CPU
		{441331C2-5029-09AA-8198-59946F1FD389}.Release|Any CPU.ActiveCfg = Release|Any CPU
		{441331C2-5029-09AA-8198-59946F1FD389}.Release|Any CPU.Build.0 = Release|Any CPU
		{CF090970-965A-9DF8-045A-1E0747BF9710}.Debug|Any CPU.ActiveCfg = Debug|Any CPU
		{CF090970-965A-9DF8-045A-1E0747BF9710}.Debug|Any CPU.Build.0 = Debug|Any CPU
		{CF090970-965A-9DF8-045A-1E0747BF9710}.Release|Any CPU.ActiveCfg = Release|Any CPU
		{CF090970-965A-9DF8-045A-1E0747BF9710}.Release|Any CPU.Build.0 = Release|Any CPU
		{FD4737AA-43F1-6282-EA42-B077E9AF9874}.Debug|Any CPU.ActiveCfg = Debug|Any CPU
		{FD4737AA-43F1-6282-EA42-B077E9AF9874}.Debug|Any CPU.Build.0 = Debug|Any CPU
		{FD4737AA-43F1-6282-EA42-B077E9AF9874}.Release|Any CPU.ActiveCfg = Release|Any CPU
		{FD4737AA-43F1-6282-EA42-B077E9AF9874}.Release|Any CPU.Build.0 = Release|Any CPU
	EndGlobalSection
	GlobalSection(SolutionProperties) = preSolution
		HideSolutionNode = FALSE
	EndGlobalSection
	GlobalSection(NestedProjects) = preSolution
		{F7B3D232-3C8F-49D2-8997-46D233183CD9} = {3B50B8D3-9093-4D92-9061-4CAA1562353B}
		{A9779A36-6ACE-4979-9064-123BEE2DD427} = {EFAD5831-4226-4A71-B31E-B3FF99DE44EE}
		{98FBE30C-1B9D-4C00-86BF-8AE29A42A1F0} = {A9779A36-6ACE-4979-9064-123BEE2DD427}
		{DB7D3EF4-656E-4784-8062-F44676C5C162} = {5BAC9D30-1917-4184-9C86-C0C4FB53F233}
		{D913D2C6-1046-4952-8DE8-FCE3A8A6FF02} = {1CE51378-F746-43D8-8B7A-568958556D9A}
		{E547A1C9-F324-4FBC-A05A-A5022C4F6B66} = {DB7D3EF4-656E-4784-8062-F44676C5C162}
		{C27C46AE-D137-4066-9238-6D13481F6090} = {D913D2C6-1046-4952-8DE8-FCE3A8A6FF02}
		{2035B611-AABD-4930-9C90-30386610E9A5} = {D913D2C6-1046-4952-8DE8-FCE3A8A6FF02}
		{271DF633-4254-4610-A4B7-D909F4501ADF} = {1CE51378-F746-43D8-8B7A-568958556D9A}
		{78DC60A0-3200-4774-8B31-C1A22EF33DA2} = {271DF633-4254-4610-A4B7-D909F4501ADF}
		{FD0FBA97-574F-40C6-9C49-062CAAB441A8} = {EFAD5831-4226-4A71-B31E-B3FF99DE44EE}
		{9D3CFEFA-4529-4CE7-B0A4-5080B6FDF9AA} = {FD0FBA97-574F-40C6-9C49-062CAAB441A8}
		{043D9469-AD66-4C6A-8C89-5C4E3369C813} = {FD0FBA97-574F-40C6-9C49-062CAAB441A8}
		{6F9F7198-5200-4F56-AC5C-6C0C1B4DCB77} = {271DF633-4254-4610-A4B7-D909F4501ADF}
		{CCFE9CF5-5710-4262-9131-3D053318612A} = {3B50B8D3-9093-4D92-9061-4CAA1562353B}
		{244B6E60-DED6-400C-9455-A858D269DF57} = {271DF633-4254-4610-A4B7-D909F4501ADF}
		{443CF988-0BA7-49F9-AD82-953B7BCA4554} = {271DF633-4254-4610-A4B7-D909F4501ADF}
		{CBE292CA-427B-46D5-87FC-F2E59D93C61E} = {5BAC9D30-1917-4184-9C86-C0C4FB53F233}
		{7729063A-2078-4212-A099-39B69C3D30CB} = {CBE292CA-427B-46D5-87FC-F2E59D93C61E}
		{25CB0AEC-4B0F-40FB-BC91-AD7CEB59D0C4} = {271DF633-4254-4610-A4B7-D909F4501ADF}
		{5B728B97-14C6-47EE-AEAE-E32472938049} = {271DF633-4254-4610-A4B7-D909F4501ADF}
		{36A2185C-F8BD-4AC3-8614-9E5F05724E1F} = {271DF633-4254-4610-A4B7-D909F4501ADF}
		{08CB3433-548E-489D-B7DE-289F38E4389D} = {DB7D3EF4-656E-4784-8062-F44676C5C162}
		{250B9065-C8C7-48C5-A5CD-D3B80B60B6E8} = {3B50B8D3-9093-4D92-9061-4CAA1562353B}
		{1C1F9BFB-B23A-4CE2-9DE0-41584F58B382} = {271DF633-4254-4610-A4B7-D909F4501ADF}
		{2D6663E0-D30E-477A-BF5B-065864361AE7} = {271DF633-4254-4610-A4B7-D909F4501ADF}
		{B5AFF6EA-C5FD-442A-BD06-4612AA94F342} = {E246D7A3-7B0F-497E-B1C7-17391B43F00B}
		{19EB84C7-1432-4FD7-BF44-654895BD0AC9} = {5BAC9D30-1917-4184-9C86-C0C4FB53F233}
		{3319A029-821E-490C-8CC0-B0CEF855C7B3} = {19EB84C7-1432-4FD7-BF44-654895BD0AC9}
		{EBCE36CD-CFD4-4714-2F4B-77529FE5910C} = {271DF633-4254-4610-A4B7-D909F4501ADF}
		{441331C2-5029-09AA-8198-59946F1FD389} = {271DF633-4254-4610-A4B7-D909F4501ADF}
		{CF090970-965A-9DF8-045A-1E0747BF9710} = {271DF633-4254-4610-A4B7-D909F4501ADF}
		{FD4737AA-43F1-6282-EA42-B077E9AF9874} = {271DF633-4254-4610-A4B7-D909F4501ADF}
	EndGlobalSection
	GlobalSection(ExtensibilityGlobals) = postSolution
		SolutionGuid = {7F4F9176-64F3-43D9-912D-00699AA19BD1}
	EndGlobalSection
EndGlobal
